// !$*UTF8*$!
{
	archiveVersion = 1;
	classes = {
	};
	objectVersion = 50;
	objects = {

/* Begin PBXBuildFile section */
		5000DF17270C571700FBEB68 /* CameraViewController.swift in Sources */ = {isa = PBXBuildFile; fileRef = 5000DF16270C571700FBEB68 /* CameraViewController.swift */; };
		5000DF19270C572300FBEB68 /* CameraView.swift in Sources */ = {isa = PBXBuildFile; fileRef = 5000DF18270C572300FBEB68 /* CameraView.swift */; };
		5000DF1B270C572E00FBEB68 /* CameraModel.swift in Sources */ = {isa = PBXBuildFile; fileRef = 5000DF1A270C572E00FBEB68 /* CameraModel.swift */; };
		50094FFB26FB355700A73ABE /* ViewManager.swift in Sources */ = {isa = PBXBuildFile; fileRef = 50094FFA26FB355700A73ABE /* ViewManager.swift */; };
		5076D2CC2742651600CA93C7 /* SelectionViewController.swift in Sources */ = {isa = PBXBuildFile; fileRef = 5076D2CB2742651600CA93C7 /* SelectionViewController.swift */; };
		5076D2CE2742652600CA93C7 /* SelectionView.swift in Sources */ = {isa = PBXBuildFile; fileRef = 5076D2CD2742652600CA93C7 /* SelectionView.swift */; };
		5076D2D02742653500CA93C7 /* SelectionModel.swift in Sources */ = {isa = PBXBuildFile; fileRef = 5076D2CF2742653500CA93C7 /* SelectionModel.swift */; };
		50A5EC0326F20216006E1F46 /* AppDelegate.swift in Sources */ = {isa = PBXBuildFile; fileRef = 50A5EC0226F20216006E1F46 /* AppDelegate.swift */; };
		50A5EC0526F20216006E1F46 /* SceneDelegate.swift in Sources */ = {isa = PBXBuildFile; fileRef = 50A5EC0426F20216006E1F46 /* SceneDelegate.swift */; };
		50A5EC0726F20216006E1F46 /* ViewController.swift in Sources */ = {isa = PBXBuildFile; fileRef = 50A5EC0626F20216006E1F46 /* ViewController.swift */; };
		50A5EC0A26F20216006E1F46 /* Main.storyboard in Resources */ = {isa = PBXBuildFile; fileRef = 50A5EC0826F20216006E1F46 /* Main.storyboard */; };
		50A5EC0C26F20217006E1F46 /* Assets.xcassets in Resources */ = {isa = PBXBuildFile; fileRef = 50A5EC0B26F20217006E1F46 /* Assets.xcassets */; };
		50A5EC0F26F20217006E1F46 /* LaunchScreen.storyboard in Resources */ = {isa = PBXBuildFile; fileRef = 50A5EC0D26F20217006E1F46 /* LaunchScreen.storyboard */; };
		50A5EC1A26F20217006E1F46 /* sCamTests.swift in Sources */ = {isa = PBXBuildFile; fileRef = 50A5EC1926F20217006E1F46 /* sCamTests.swift */; };
		50A5EC2526F20217006E1F46 /* sCamUITests.swift in Sources */ = {isa = PBXBuildFile; fileRef = 50A5EC2426F20217006E1F46 /* sCamUITests.swift */; };
		50DC82F82743BB43002469C7 /* SelectionLocator.swift in Sources */ = {isa = PBXBuildFile; fileRef = 50DC82F72743BB43002469C7 /* SelectionLocator.swift */; };
		50F7E15C26F9E4500041EED8 /* MainView.swift in Sources */ = {isa = PBXBuildFile; fileRef = 50F7E15B26F9E4500041EED8 /* MainView.swift */; };
		50F7E15E26F9E4620041EED8 /* MainModel.swift in Sources */ = {isa = PBXBuildFile; fileRef = 50F7E15D26F9E4620041EED8 /* MainModel.swift */; };
		50F7E16026F9E4EA0041EED8 /* MainViewController.swift in Sources */ = {isa = PBXBuildFile; fileRef = 50F7E15F26F9E4EA0041EED8 /* MainViewController.swift */; };
		50F7E16426F9E66D0041EED8 /* Const.swift in Sources */ = {isa = PBXBuildFile; fileRef = 50F7E16326F9E66D0041EED8 /* Const.swift */; };
		50F7E16626F9EB100041EED8 /* Utility.swift in Sources */ = {isa = PBXBuildFile; fileRef = 50F7E16526F9EB100041EED8 /* Utility.swift */; };
/* End PBXBuildFile section */

/* Begin PBXContainerItemProxy section */
		50A5EC1626F20217006E1F46 /* PBXContainerItemProxy */ = {
			isa = PBXContainerItemProxy;
			containerPortal = 50A5EBF726F20216006E1F46 /* Project object */;
			proxyType = 1;
			remoteGlobalIDString = 50A5EBFE26F20216006E1F46;
			remoteInfo = sCam;
		};
		50A5EC2126F20217006E1F46 /* PBXContainerItemProxy */ = {
			isa = PBXContainerItemProxy;
			containerPortal = 50A5EBF726F20216006E1F46 /* Project object */;
			proxyType = 1;
			remoteGlobalIDString = 50A5EBFE26F20216006E1F46;
			remoteInfo = sCam;
		};
/* End PBXContainerItemProxy section */

/* Begin PBXFileReference section */
		5000DF16270C571700FBEB68 /* CameraViewController.swift */ = {isa = PBXFileReference; lastKnownFileType = sourcecode.swift; path = CameraViewController.swift; sourceTree = "<group>"; };
		5000DF18270C572300FBEB68 /* CameraView.swift */ = {isa = PBXFileReference; lastKnownFileType = sourcecode.swift; path = CameraView.swift; sourceTree = "<group>"; };
		5000DF1A270C572E00FBEB68 /* CameraModel.swift */ = {isa = PBXFileReference; lastKnownFileType = sourcecode.swift; path = CameraModel.swift; sourceTree = "<group>"; };
		50094FFA26FB355700A73ABE /* ViewManager.swift */ = {isa = PBXFileReference; lastKnownFileType = sourcecode.swift; path = ViewManager.swift; sourceTree = "<group>"; };
		5076D2CB2742651600CA93C7 /* SelectionViewController.swift */ = {isa = PBXFileReference; lastKnownFileType = sourcecode.swift; path = SelectionViewController.swift; sourceTree = "<group>"; };
		5076D2CD2742652600CA93C7 /* SelectionView.swift */ = {isa = PBXFileReference; lastKnownFileType = sourcecode.swift; path = SelectionView.swift; sourceTree = "<group>"; };
		5076D2CF2742653500CA93C7 /* SelectionModel.swift */ = {isa = PBXFileReference; lastKnownFileType = sourcecode.swift; path = SelectionModel.swift; sourceTree = "<group>"; };
		50A5EBFF26F20216006E1F46 /* sCam.app */ = {isa = PBXFileReference; explicitFileType = wrapper.application; includeInIndex = 0; path = sCam.app; sourceTree = BUILT_PRODUCTS_DIR; };
		50A5EC0226F20216006E1F46 /* AppDelegate.swift */ = {isa = PBXFileReference; lastKnownFileType = sourcecode.swift; path = AppDelegate.swift; sourceTree = "<group>"; };
		50A5EC0426F20216006E1F46 /* SceneDelegate.swift */ = {isa = PBXFileReference; lastKnownFileType = sourcecode.swift; path = SceneDelegate.swift; sourceTree = "<group>"; };
		50A5EC0626F20216006E1F46 /* ViewController.swift */ = {isa = PBXFileReference; lastKnownFileType = sourcecode.swift; path = ViewController.swift; sourceTree = "<group>"; };
		50A5EC0926F20216006E1F46 /* Base */ = {isa = PBXFileReference; lastKnownFileType = file.storyboard; name = Base; path = Base.lproj/Main.storyboard; sourceTree = "<group>"; };
		50A5EC0B26F20217006E1F46 /* Assets.xcassets */ = {isa = PBXFileReference; lastKnownFileType = folder.assetcatalog; path = Assets.xcassets; sourceTree = "<group>"; };
		50A5EC0E26F20217006E1F46 /* Base */ = {isa = PBXFileReference; lastKnownFileType = file.storyboard; name = Base; path = Base.lproj/LaunchScreen.storyboard; sourceTree = "<group>"; };
		50A5EC1026F20217006E1F46 /* Info.plist */ = {isa = PBXFileReference; lastKnownFileType = text.plist.xml; path = Info.plist; sourceTree = "<group>"; };
		50A5EC1526F20217006E1F46 /* sCamTests.xctest */ = {isa = PBXFileReference; explicitFileType = wrapper.cfbundle; includeInIndex = 0; path = sCamTests.xctest; sourceTree = BUILT_PRODUCTS_DIR; };
		50A5EC1926F20217006E1F46 /* sCamTests.swift */ = {isa = PBXFileReference; lastKnownFileType = sourcecode.swift; path = sCamTests.swift; sourceTree = "<group>"; };
		50A5EC1B26F20217006E1F46 /* Info.plist */ = {isa = PBXFileReference; lastKnownFileType = text.plist.xml; path = Info.plist; sourceTree = "<group>"; };
		50A5EC2026F20217006E1F46 /* sCamUITests.xctest */ = {isa = PBXFileReference; explicitFileType = wrapper.cfbundle; includeInIndex = 0; path = sCamUITests.xctest; sourceTree = BUILT_PRODUCTS_DIR; };
		50A5EC2426F20217006E1F46 /* sCamUITests.swift */ = {isa = PBXFileReference; lastKnownFileType = sourcecode.swift; path = sCamUITests.swift; sourceTree = "<group>"; };
		50A5EC2626F20217006E1F46 /* Info.plist */ = {isa = PBXFileReference; lastKnownFileType = text.plist.xml; path = Info.plist; sourceTree = "<group>"; };
		50DC82F72743BB43002469C7 /* SelectionLocator.swift */ = {isa = PBXFileReference; lastKnownFileType = sourcecode.swift; path = SelectionLocator.swift; sourceTree = "<group>"; };
		50F7E15B26F9E4500041EED8 /* MainView.swift */ = {isa = PBXFileReference; lastKnownFileType = sourcecode.swift; path = MainView.swift; sourceTree = "<group>"; };
		50F7E15D26F9E4620041EED8 /* MainModel.swift */ = {isa = PBXFileReference; lastKnownFileType = sourcecode.swift; path = MainModel.swift; sourceTree = "<group>"; };
		50F7E15F26F9E4EA0041EED8 /* MainViewController.swift */ = {isa = PBXFileReference; lastKnownFileType = sourcecode.swift; path = MainViewController.swift; sourceTree = "<group>"; };
		50F7E16326F9E66D0041EED8 /* Const.swift */ = {isa = PBXFileReference; lastKnownFileType = sourcecode.swift; path = Const.swift; sourceTree = "<group>"; };
		50F7E16526F9EB100041EED8 /* Utility.swift */ = {isa = PBXFileReference; lastKnownFileType = sourcecode.swift; path = Utility.swift; sourceTree = "<group>"; };
/* End PBXFileReference section */

/* Begin PBXFrameworksBuildPhase section */
		50A5EBFC26F20216006E1F46 /* Frameworks */ = {
			isa = PBXFrameworksBuildPhase;
			buildActionMask = 2147483647;
			files = (
			);
			runOnlyForDeploymentPostprocessing = 0;
		};
		50A5EC1226F20217006E1F46 /* Frameworks */ = {
			isa = PBXFrameworksBuildPhase;
			buildActionMask = 2147483647;
			files = (
			);
			runOnlyForDeploymentPostprocessing = 0;
		};
		50A5EC1D26F20217006E1F46 /* Frameworks */ = {
			isa = PBXFrameworksBuildPhase;
			buildActionMask = 2147483647;
			files = (
			);
			runOnlyForDeploymentPostprocessing = 0;
		};
/* End PBXFrameworksBuildPhase section */

/* Begin PBXGroup section */
		5000DF15270C56EB00FBEB68 /* Camera */ = {
			isa = PBXGroup;
			children = (
				5000DF16270C571700FBEB68 /* CameraViewController.swift */,
				5000DF18270C572300FBEB68 /* CameraView.swift */,
				5000DF1A270C572E00FBEB68 /* CameraModel.swift */,
			);
			path = Camera;
			sourceTree = "<group>";
		};
		50094FF926FB351800A73ABE /* Manager */ = {
			isa = PBXGroup;
			children = (
				50094FFA26FB355700A73ABE /* ViewManager.swift */,
			);
			path = Manager;
			sourceTree = "<group>";
		};
		5076D2CA274264EF00CA93C7 /* Selection */ = {
			isa = PBXGroup;
			children = (
				5076D2CB2742651600CA93C7 /* SelectionViewController.swift */,
				5076D2CD2742652600CA93C7 /* SelectionView.swift */,
				5076D2CF2742653500CA93C7 /* SelectionModel.swift */,
			);
			path = Selection;
			sourceTree = "<group>";
		};
		50A5EBF626F20216006E1F46 = {
			isa = PBXGroup;
			children = (
				50A5EC0126F20216006E1F46 /* sCam */,
				50A5EC1826F20217006E1F46 /* sCamTests */,
				50A5EC2326F20217006E1F46 /* sCamUITests */,
				50A5EC0026F20216006E1F46 /* Products */,
			);
			sourceTree = "<group>";
		};
		50A5EC0026F20216006E1F46 /* Products */ = {
			isa = PBXGroup;
			children = (
				50A5EBFF26F20216006E1F46 /* sCam.app */,
				50A5EC1526F20217006E1F46 /* sCamTests.xctest */,
				50A5EC2026F20217006E1F46 /* sCamUITests.xctest */,
			);
			name = Products;
			sourceTree = "<group>";
		};
		50A5EC0126F20216006E1F46 /* sCam */ = {
			isa = PBXGroup;
			children = (
				50A5EC0226F20216006E1F46 /* AppDelegate.swift */,
				50A5EC0426F20216006E1F46 /* SceneDelegate.swift */,
				50A5EC0626F20216006E1F46 /* ViewController.swift */,
				50F7E16226F9E6570041EED8 /* Common */,
				50094FF926FB351800A73ABE /* Manager */,
				50DC82F62743BB1D002469C7 /* ObjectLocator */,
				5076D2CA274264EF00CA93C7 /* Selection */,
				50F7E16126F9E50D0041EED8 /* Main */,
				5000DF15270C56EB00FBEB68 /* Camera */,
				50A5EC0826F20216006E1F46 /* Main.storyboard */,
				50A5EC0B26F20217006E1F46 /* Assets.xcassets */,
				50A5EC0D26F20217006E1F46 /* LaunchScreen.storyboard */,
				50A5EC1026F20217006E1F46 /* Info.plist */,
			);
			path = sCam;
			sourceTree = "<group>";
		};
		50A5EC1826F20217006E1F46 /* sCamTests */ = {
			isa = PBXGroup;
			children = (
				50A5EC1926F20217006E1F46 /* sCamTests.swift */,
				50A5EC1B26F20217006E1F46 /* Info.plist */,
			);
			path = sCamTests;
			sourceTree = "<group>";
		};
		50A5EC2326F20217006E1F46 /* sCamUITests */ = {
			isa = PBXGroup;
			children = (
				50A5EC2426F20217006E1F46 /* sCamUITests.swift */,
				50A5EC2626F20217006E1F46 /* Info.plist */,
			);
			path = sCamUITests;
			sourceTree = "<group>";
		};
		50DC82F62743BB1D002469C7 /* ObjectLocator */ = {
			isa = PBXGroup;
			children = (
				50DC82F72743BB43002469C7 /* SelectionLocator.swift */,
			);
			path = ObjectLocator;
			sourceTree = "<group>";
		};
		50F7E16126F9E50D0041EED8 /* Main */ = {
			isa = PBXGroup;
			children = (
				50F7E15F26F9E4EA0041EED8 /* MainViewController.swift */,
				50F7E15B26F9E4500041EED8 /* MainView.swift */,
				50F7E15D26F9E4620041EED8 /* MainModel.swift */,
			);
			path = Main;
			sourceTree = "<group>";
		};
		50F7E16226F9E6570041EED8 /* Common */ = {
			isa = PBXGroup;
			children = (
				50F7E16326F9E66D0041EED8 /* Const.swift */,
				50F7E16526F9EB100041EED8 /* Utility.swift */,
			);
			path = Common;
			sourceTree = "<group>";
		};
/* End PBXGroup section */

/* Begin PBXNativeTarget section */
		50A5EBFE26F20216006E1F46 /* sCam */ = {
			isa = PBXNativeTarget;
			buildConfigurationList = 50A5EC2926F20217006E1F46 /* Build configuration list for PBXNativeTarget "sCam" */;
			buildPhases = (
				50A5EBFB26F20216006E1F46 /* Sources */,
				50A5EBFC26F20216006E1F46 /* Frameworks */,
				50A5EBFD26F20216006E1F46 /* Resources */,
			);
			buildRules = (
			);
			dependencies = (
			);
			name = sCam;
			productName = sCam;
			productReference = 50A5EBFF26F20216006E1F46 /* sCam.app */;
			productType = "com.apple.product-type.application";
		};
		50A5EC1426F20217006E1F46 /* sCamTests */ = {
			isa = PBXNativeTarget;
			buildConfigurationList = 50A5EC2C26F20217006E1F46 /* Build configuration list for PBXNativeTarget "sCamTests" */;
			buildPhases = (
				50A5EC1126F20217006E1F46 /* Sources */,
				50A5EC1226F20217006E1F46 /* Frameworks */,
				50A5EC1326F20217006E1F46 /* Resources */,
			);
			buildRules = (
			);
			dependencies = (
				50A5EC1726F20217006E1F46 /* PBXTargetDependency */,
			);
			name = sCamTests;
			productName = sCamTests;
			productReference = 50A5EC1526F20217006E1F46 /* sCamTests.xctest */;
			productType = "com.apple.product-type.bundle.unit-test";
		};
		50A5EC1F26F20217006E1F46 /* sCamUITests */ = {
			isa = PBXNativeTarget;
			buildConfigurationList = 50A5EC2F26F20217006E1F46 /* Build configuration list for PBXNativeTarget "sCamUITests" */;
			buildPhases = (
				50A5EC1C26F20217006E1F46 /* Sources */,
				50A5EC1D26F20217006E1F46 /* Frameworks */,
				50A5EC1E26F20217006E1F46 /* Resources */,
			);
			buildRules = (
			);
			dependencies = (
				50A5EC2226F20217006E1F46 /* PBXTargetDependency */,
			);
			name = sCamUITests;
			productName = sCamUITests;
			productReference = 50A5EC2026F20217006E1F46 /* sCamUITests.xctest */;
			productType = "com.apple.product-type.bundle.ui-testing";
		};
/* End PBXNativeTarget section */

/* Begin PBXProject section */
		50A5EBF726F20216006E1F46 /* Project object */ = {
			isa = PBXProject;
			attributes = {
				LastSwiftUpdateCheck = 1250;
				LastUpgradeCheck = 1250;
				TargetAttributes = {
					50A5EBFE26F20216006E1F46 = {
						CreatedOnToolsVersion = 12.5.1;
					};
					50A5EC1426F20217006E1F46 = {
						CreatedOnToolsVersion = 12.5.1;
						TestTargetID = 50A5EBFE26F20216006E1F46;
					};
					50A5EC1F26F20217006E1F46 = {
						CreatedOnToolsVersion = 12.5.1;
						TestTargetID = 50A5EBFE26F20216006E1F46;
					};
				};
			};
			buildConfigurationList = 50A5EBFA26F20216006E1F46 /* Build configuration list for PBXProject "sCam" */;
			compatibilityVersion = "Xcode 9.3";
			developmentRegion = en;
			hasScannedForEncodings = 0;
			knownRegions = (
				en,
				Base,
			);
			mainGroup = 50A5EBF626F20216006E1F46;
			productRefGroup = 50A5EC0026F20216006E1F46 /* Products */;
			projectDirPath = "";
			projectRoot = "";
			targets = (
				50A5EBFE26F20216006E1F46 /* sCam */,
				50A5EC1426F20217006E1F46 /* sCamTests */,
				50A5EC1F26F20217006E1F46 /* sCamUITests */,
			);
		};
/* End PBXProject section */

/* Begin PBXResourcesBuildPhase section */
		50A5EBFD26F20216006E1F46 /* Resources */ = {
			isa = PBXResourcesBuildPhase;
			buildActionMask = 2147483647;
			files = (
				50A5EC0F26F20217006E1F46 /* LaunchScreen.storyboard in Resources */,
				50A5EC0C26F20217006E1F46 /* Assets.xcassets in Resources */,
				50A5EC0A26F20216006E1F46 /* Main.storyboard in Resources */,
			);
			runOnlyForDeploymentPostprocessing = 0;
		};
		50A5EC1326F20217006E1F46 /* Resources */ = {
			isa = PBXResourcesBuildPhase;
			buildActionMask = 2147483647;
			files = (
			);
			runOnlyForDeploymentPostprocessing = 0;
		};
		50A5EC1E26F20217006E1F46 /* Resources */ = {
			isa = PBXResourcesBuildPhase;
			buildActionMask = 2147483647;
			files = (
			);
			runOnlyForDeploymentPostprocessing = 0;
		};
/* End PBXResourcesBuildPhase section */

/* Begin PBXSourcesBuildPhase section */
		50A5EBFB26F20216006E1F46 /* Sources */ = {
			isa = PBXSourcesBuildPhase;
			buildActionMask = 2147483647;
			files = (
				50094FFB26FB355700A73ABE /* ViewManager.swift in Sources */,
				5076D2D02742653500CA93C7 /* SelectionModel.swift in Sources */,
				5000DF17270C571700FBEB68 /* CameraViewController.swift in Sources */,
				5000DF1B270C572E00FBEB68 /* CameraModel.swift in Sources */,
				5076D2CC2742651600CA93C7 /* SelectionViewController.swift in Sources */,
				50A5EC0726F20216006E1F46 /* ViewController.swift in Sources */,
				5076D2CE2742652600CA93C7 /* SelectionView.swift in Sources */,
				50F7E15C26F9E4500041EED8 /* MainView.swift in Sources */,
				50A5EC0326F20216006E1F46 /* AppDelegate.swift in Sources */,
				50F7E16026F9E4EA0041EED8 /* MainViewController.swift in Sources */,
				50F7E16626F9EB100041EED8 /* Utility.swift in Sources */,
				50DC82F82743BB43002469C7 /* SelectionLocator.swift in Sources */,
				5000DF19270C572300FBEB68 /* CameraView.swift in Sources */,
				50F7E15E26F9E4620041EED8 /* MainModel.swift in Sources */,
				50A5EC0526F20216006E1F46 /* SceneDelegate.swift in Sources */,
				50F7E16426F9E66D0041EED8 /* Const.swift in Sources */,
			);
			runOnlyForDeploymentPostprocessing = 0;
		};
		50A5EC1126F20217006E1F46 /* Sources */ = {
			isa = PBXSourcesBuildPhase;
			buildActionMask = 2147483647;
			files = (
				50A5EC1A26F20217006E1F46 /* sCamTests.swift in Sources */,
			);
			runOnlyForDeploymentPostprocessing = 0;
		};
		50A5EC1C26F20217006E1F46 /* Sources */ = {
			isa = PBXSourcesBuildPhase;
			buildActionMask = 2147483647;
			files = (
				50A5EC2526F20217006E1F46 /* sCamUITests.swift in Sources */,
			);
			runOnlyForDeploymentPostprocessing = 0;
		};
/* End PBXSourcesBuildPhase section */

/* Begin PBXTargetDependency section */
		50A5EC1726F20217006E1F46 /* PBXTargetDependency */ = {
			isa = PBXTargetDependency;
			target = 50A5EBFE26F20216006E1F46 /* sCam */;
			targetProxy = 50A5EC1626F20217006E1F46 /* PBXContainerItemProxy */;
		};
		50A5EC2226F20217006E1F46 /* PBXTargetDependency */ = {
			isa = PBXTargetDependency;
			target = 50A5EBFE26F20216006E1F46 /* sCam */;
			targetProxy = 50A5EC2126F20217006E1F46 /* PBXContainerItemProxy */;
		};
/* End PBXTargetDependency section */

/* Begin PBXVariantGroup section */
		50A5EC0826F20216006E1F46 /* Main.storyboard */ = {
			isa = PBXVariantGroup;
			children = (
				50A5EC0926F20216006E1F46 /* Base */,
			);
			name = Main.storyboard;
			sourceTree = "<group>";
		};
		50A5EC0D26F20217006E1F46 /* LaunchScreen.storyboard */ = {
			isa = PBXVariantGroup;
			children = (
				50A5EC0E26F20217006E1F46 /* Base */,
			);
			name = LaunchScreen.storyboard;
			sourceTree = "<group>";
		};
/* End PBXVariantGroup section */

/* Begin XCBuildConfiguration section */
		50A5EC2726F20217006E1F46 /* Debug */ = {
			isa = XCBuildConfiguration;
			buildSettings = {
				ALWAYS_SEARCH_USER_PATHS = NO;
				CLANG_ANALYZER_NONNULL = YES;
				CLANG_ANALYZER_NUMBER_OBJECT_CONVERSION = YES_AGGRESSIVE;
				CLANG_CXX_LANGUAGE_STANDARD = "gnu++14";
				CLANG_CXX_LIBRARY = "libc++";
				CLANG_ENABLE_MODULES = YES;
				CLANG_ENABLE_OBJC_ARC = YES;
				CLANG_ENABLE_OBJC_WEAK = YES;
				CLANG_WARN_BLOCK_CAPTURE_AUTORELEASING = YES;
				CLANG_WARN_BOOL_CONVERSION = YES;
				CLANG_WARN_COMMA = YES;
				CLANG_WARN_CONSTANT_CONVERSION = YES;
				CLANG_WARN_DEPRECATED_OBJC_IMPLEMENTATIONS = YES;
				CLANG_WARN_DIRECT_OBJC_ISA_USAGE = YES_ERROR;
				CLANG_WARN_DOCUMENTATION_COMMENTS = YES;
				CLANG_WARN_EMPTY_BODY = YES;
				CLANG_WARN_ENUM_CONVERSION = YES;
				CLANG_WARN_INFINITE_RECURSION = YES;
				CLANG_WARN_INT_CONVERSION = YES;
				CLANG_WARN_NON_LITERAL_NULL_CONVERSION = YES;
				CLANG_WARN_OBJC_IMPLICIT_RETAIN_SELF = YES;
				CLANG_WARN_OBJC_LITERAL_CONVERSION = YES;
				CLANG_WARN_OBJC_ROOT_CLASS = YES_ERROR;
				CLANG_WARN_QUOTED_INCLUDE_IN_FRAMEWORK_HEADER = YES;
				CLANG_WARN_RANGE_LOOP_ANALYSIS = YES;
				CLANG_WARN_STRICT_PROTOTYPES = YES;
				CLANG_WARN_SUSPICIOUS_MOVE = YES;
				CLANG_WARN_UNGUARDED_AVAILABILITY = YES_AGGRESSIVE;
				CLANG_WARN_UNREACHABLE_CODE = YES;
				CLANG_WARN__DUPLICATE_METHOD_MATCH = YES;
				CODE_SIGN_IDENTITY = "iPhone Developer";
				COPY_PHASE_STRIP = NO;
				DEBUG_INFORMATION_FORMAT = dwarf;
				ENABLE_STRICT_OBJC_MSGSEND = YES;
				ENABLE_TESTABILITY = YES;
				GCC_C_LANGUAGE_STANDARD = gnu11;
				GCC_DYNAMIC_NO_PIC = NO;
				GCC_NO_COMMON_BLOCKS = YES;
				GCC_OPTIMIZATION_LEVEL = 0;
				GCC_PREPROCESSOR_DEFINITIONS = (
					"DEBUG=1",
					"$(inherited)",
				);
				GCC_WARN_64_TO_32_BIT_CONVERSION = YES;
				GCC_WARN_ABOUT_RETURN_TYPE = YES_ERROR;
				GCC_WARN_UNDECLARED_SELECTOR = YES;
				GCC_WARN_UNINITIALIZED_AUTOS = YES_AGGRESSIVE;
				GCC_WARN_UNUSED_FUNCTION = YES;
				GCC_WARN_UNUSED_VARIABLE = YES;
				IPHONEOS_DEPLOYMENT_TARGET = 14.5;
				MTL_ENABLE_DEBUG_INFO = INCLUDE_SOURCE;
				MTL_FAST_MATH = YES;
				ONLY_ACTIVE_ARCH = YES;
				SDKROOT = iphoneos;
				SWIFT_ACTIVE_COMPILATION_CONDITIONS = DEBUG;
				SWIFT_OPTIMIZATION_LEVEL = "-Onone";
			};
			name = Debug;
		};
		50A5EC2826F20217006E1F46 /* Release */ = {
			isa = XCBuildConfiguration;
			buildSettings = {
				ALWAYS_SEARCH_USER_PATHS = NO;
				CLANG_ANALYZER_NONNULL = YES;
				CLANG_ANALYZER_NUMBER_OBJECT_CONVERSION = YES_AGGRESSIVE;
				CLANG_CXX_LANGUAGE_STANDARD = "gnu++14";
				CLANG_CXX_LIBRARY = "libc++";
				CLANG_ENABLE_MODULES = YES;
				CLANG_ENABLE_OBJC_ARC = YES;
				CLANG_ENABLE_OBJC_WEAK = YES;
				CLANG_WARN_BLOCK_CAPTURE_AUTORELEASING = YES;
				CLANG_WARN_BOOL_CONVERSION = YES;
				CLANG_WARN_COMMA = YES;
				CLANG_WARN_CONSTANT_CONVERSION = YES;
				CLANG_WARN_DEPRECATED_OBJC_IMPLEMENTATIONS = YES;
				CLANG_WARN_DIRECT_OBJC_ISA_USAGE = YES_ERROR;
				CLANG_WARN_DOCUMENTATION_COMMENTS = YES;
				CLANG_WARN_EMPTY_BODY = YES;
				CLANG_WARN_ENUM_CONVERSION = YES;
				CLANG_WARN_INFINITE_RECURSION = YES;
				CLANG_WARN_INT_CONVERSION = YES;
				CLANG_WARN_NON_LITERAL_NULL_CONVERSION = YES;
				CLANG_WARN_OBJC_IMPLICIT_RETAIN_SELF = YES;
				CLANG_WARN_OBJC_LITERAL_CONVERSION = YES;
				CLANG_WARN_OBJC_ROOT_CLASS = YES_ERROR;
				CLANG_WARN_QUOTED_INCLUDE_IN_FRAMEWORK_HEADER = YES;
				CLANG_WARN_RANGE_LOOP_ANALYSIS = YES;
				CLANG_WARN_STRICT_PROTOTYPES = YES;
				CLANG_WARN_SUSPICIOUS_MOVE = YES;
				CLANG_WARN_UNGUARDED_AVAILABILITY = YES_AGGRESSIVE;
				CLANG_WARN_UNREACHABLE_CODE = YES;
				CLANG_WARN__DUPLICATE_METHOD_MATCH = YES;
				CODE_SIGN_IDENTITY = "iPhone Developer";
				COPY_PHASE_STRIP = NO;
				DEBUG_INFORMATION_FORMAT = "dwarf-with-dsym";
				ENABLE_NS_ASSERTIONS = NO;
				ENABLE_STRICT_OBJC_MSGSEND = YES;
				GCC_C_LANGUAGE_STANDARD = gnu11;
				GCC_NO_COMMON_BLOCKS = YES;
				GCC_WARN_64_TO_32_BIT_CONVERSION = YES;
				GCC_WARN_ABOUT_RETURN_TYPE = YES_ERROR;
				GCC_WARN_UNDECLARED_SELECTOR = YES;
				GCC_WARN_UNINITIALIZED_AUTOS = YES_AGGRESSIVE;
				GCC_WARN_UNUSED_FUNCTION = YES;
				GCC_WARN_UNUSED_VARIABLE = YES;
				IPHONEOS_DEPLOYMENT_TARGET = 14.5;
				MTL_ENABLE_DEBUG_INFO = NO;
				MTL_FAST_MATH = YES;
				SDKROOT = iphoneos;
				SWIFT_COMPILATION_MODE = wholemodule;
				SWIFT_OPTIMIZATION_LEVEL = "-O";
				VALIDATE_PRODUCT = YES;
			};
			name = Release;
		};
		50A5EC2A26F20217006E1F46 /* Debug */ = {
			isa = XCBuildConfiguration;
			buildSettings = {
				ASSETCATALOG_COMPILER_APPICON_NAME = AppIcon;
				ASSETCATALOG_COMPILER_GLOBAL_ACCENT_COLOR_NAME = AccentColor;
				CODE_SIGN_IDENTITY = "iPhone Developer";
				CODE_SIGN_STYLE = Automatic;
				CURRENT_PROJECT_VERSION = 1.0;
				DEVELOPMENT_TEAM = FVSMWDY36J;
				INFOPLIST_FILE = sCam/Info.plist;
				LD_RUNPATH_SEARCH_PATHS = (
					"$(inherited)",
					"@executable_path/Frameworks",
				);
				MARKETING_VERSION = 1.0.0;
				PRODUCT_BUNDLE_IDENTIFIER = jp.ne.softbank.sCam;
				PRODUCT_NAME = "$(TARGET_NAME)";
				SWIFT_VERSION = 5.0;
				TARGETED_DEVICE_FAMILY = 1;
			};
			name = Debug;
		};
		50A5EC2B26F20217006E1F46 /* Release */ = {
			isa = XCBuildConfiguration;
			buildSettings = {
				ASSETCATALOG_COMPILER_APPICON_NAME = AppIcon;
				ASSETCATALOG_COMPILER_GLOBAL_ACCENT_COLOR_NAME = AccentColor;
				CODE_SIGN_IDENTITY = "iPhone Developer";
				CODE_SIGN_STYLE = Automatic;
				CURRENT_PROJECT_VERSION = 1.0;
				DEVELOPMENT_TEAM = FVSMWDY36J;
				INFOPLIST_FILE = sCam/Info.plist;
				LD_RUNPATH_SEARCH_PATHS = (
					"$(inherited)",
					"@executable_path/Frameworks",
				);
				MARKETING_VERSION = 1.0.0;
				PRODUCT_BUNDLE_IDENTIFIER = jp.ne.softbank.sCam;
				PRODUCT_NAME = "$(TARGET_NAME)";
				SWIFT_VERSION = 5.0;
				TARGETED_DEVICE_FAMILY = 1;
			};
			name = Release;
		};
		50A5EC2D26F20217006E1F46 /* Debug */ = {
			isa = XCBuildConfiguration;
			buildSettings = {
				ALWAYS_EMBED_SWIFT_STANDARD_LIBRARIES = YES;
				BUNDLE_LOADER = "$(TEST_HOST)";
				CODE_SIGN_STYLE = Automatic;
				DEVELOPMENT_TEAM = FVSMWDY36J;
				INFOPLIST_FILE = sCamTests/Info.plist;
				IPHONEOS_DEPLOYMENT_TARGET = 14.5;
				LD_RUNPATH_SEARCH_PATHS = (
					"$(inherited)",
					"@executable_path/Frameworks",
					"@loader_path/Frameworks",
				);
				PRODUCT_BUNDLE_IDENTIFIER = jp.ne.softbank.sCamTests;
				PRODUCT_NAME = "$(TARGET_NAME)";
				SWIFT_VERSION = 5.0;
				TARGETED_DEVICE_FAMILY = "1,2";
				TEST_HOST = "$(BUILT_PRODUCTS_DIR)/sCam.app/sCam";
			};
			name = Debug;
		};
		50A5EC2E26F20217006E1F46 /* Release */ = {
			isa = XCBuildConfiguration;
			buildSettings = {
				ALWAYS_EMBED_SWIFT_STANDARD_LIBRARIES = YES;
				BUNDLE_LOADER = "$(TEST_HOST)";
				CODE_SIGN_STYLE = Automatic;
				DEVELOPMENT_TEAM = FVSMWDY36J;
				INFOPLIST_FILE = sCamTests/Info.plist;
				IPHONEOS_DEPLOYMENT_TARGET = 14.5;
				LD_RUNPATH_SEARCH_PATHS = (
					"$(inherited)",
					"@executable_path/Frameworks",
					"@loader_path/Frameworks",
				);
				PRODUCT_BUNDLE_IDENTIFIER = jp.ne.softbank.sCamTests;
				PRODUCT_NAME = "$(TARGET_NAME)";
				SWIFT_VERSION = 5.0;
				TARGETED_DEVICE_FAMILY = "1,2";
				TEST_HOST = "$(BUILT_PRODUCTS_DIR)/sCam.app/sCam";
			};
			name = Release;
		};
		50A5EC3026F20217006E1F46 /* Debug */ = {
			isa = XCBuildConfiguration;
			buildSettings = {
				ALWAYS_EMBED_SWIFT_STANDARD_LIBRARIES = YES;
				CODE_SIGN_STYLE = Automatic;
				DEVELOPMENT_TEAM = FVSMWDY36J;
				INFOPLIST_FILE = sCamUITests/Info.plist;
				LD_RUNPATH_SEARCH_PATHS = (
					"$(inherited)",
					"@executable_path/Frameworks",
					"@loader_path/Frameworks",
				);
				PRODUCT_BUNDLE_IDENTIFIER = jp.ne.softbank.sCamUITests;
				PRODUCT_NAME = "$(TARGET_NAME)";
				SWIFT_VERSION = 5.0;
				TARGETED_DEVICE_FAMILY = "1,2";
				TEST_TARGET_NAME = sCam;
			};
			name = Debug;
		};
		50A5EC3126F20217006E1F46 /* Release */ = {
			isa = XCBuildConfiguration;
			buildSettings = {
				ALWAYS_EMBED_SWIFT_STANDARD_LIBRARIES = YES;
				CODE_SIGN_STYLE = Automatic;
				DEVELOPMENT_TEAM = FVSMWDY36J;
				INFOPLIST_FILE = sCamUITests/Info.plist;
				LD_RUNPATH_SEARCH_PATHS = (
					"$(inherited)",
					"@executable_path/Frameworks",
					"@loader_path/Frameworks",
				);
				PRODUCT_BUNDLE_IDENTIFIER = jp.ne.softbank.sCamUITests;
				PRODUCT_NAME = "$(TARGET_NAME)";
				SWIFT_VERSION = 5.0;
				TARGETED_DEVICE_FAMILY = "1,2";
				TEST_TARGET_NAME = sCam;
			};
			name = Release;
		};
/* End XCBuildConfiguration section */

/* Begin XCConfigurationList section */
		50A5EBFA26F20216006E1F46 /* Build configuration list for PBXProject "sCam" */ = {
			isa = XCConfigurationList;
			buildConfigurations = (
				50A5EC2726F20217006E1F46 /* Debug */,
				50A5EC2826F20217006E1F46 /* Release */,
			);
			defaultConfigurationIsVisible = 0;
			defaultConfigurationName = Release;
		};
		50A5EC2926F20217006E1F46 /* Build configuration list for PBXNativeTarget "sCam" */ = {
			isa = XCConfigurationList;
			buildConfigurations = (
				50A5EC2A26F20217006E1F46 /* Debug */,
				50A5EC2B26F20217006E1F46 /* Release */,
			);
			defaultConfigurationIsVisible = 0;
			defaultConfigurationName = Release;
		};
		50A5EC2C26F20217006E1F46 /* Build configuration list for PBXNativeTarget "sCamTests" */ = {
			isa = XCConfigurationList;
			buildConfigurations = (
				50A5EC2D26F20217006E1F46 /* Debug */,
				50A5EC2E26F20217006E1F46 /* Release */,
			);
			defaultConfigurationIsVisible = 0;
			defaultConfigurationName = Release;
		};
		50A5EC2F26F20217006E1F46 /* Build configuration list for PBXNativeTarget "sCamUITests" */ = {
			isa = XCConfigurationList;
			buildConfigurations = (
				50A5EC3026F20217006E1F46 /* Debug */,
				50A5EC3126F20217006E1F46 /* Release */,
			);
			defaultConfigurationIsVisible = 0;
			defaultConfigurationName = Release;
		};
/* End XCConfigurationList section */
	};
	rootObject = 50A5EBF726F20216006E1F46 /* Project object */;
}
